
Microsoft Visual Studio Solution File, Format Version 12.00
# Visual Studio Version 16
VisualStudioVersion = 16.0.29728.190
MinimumVisualStudioVersion = 10.0.40219.1
Project("{9A19103F-16F7-4668-BE54-9A1E7A4F7556}") = "RazorEngineCore", "RazorEngineCore\RazorEngineCore.csproj", "{1E21186E-49A5-433A-ABAD-18CED1AA2494}"
EndProject
Project("{9A19103F-16F7-4668-BE54-9A1E7A4F7556}") = "RazorEngineCore.Tests", "RazorEngineCore.Tests\RazorEngineCore.Tests.csproj", "{86FE2C2C-868C-43B5-A134-0DC96F9F510A}"
EndProject
Project("{2150E333-8FDC-42A3-9474-1A3956D46DE8}") = "Solution Items", "Solution Items", "{DF4FC1D4-CE2B-4653-A54B-827EC9533666}"
	ProjectSection(SolutionItems) = preProject
		Pack.ps1 = Pack.ps1
	EndProjectSection
EndProject
Project("{9A19103F-16F7-4668-BE54-9A1E7A4F7556}") = "ExampleAppCore", "ExampleAppCore\ExampleAppCore.csproj", "{38338B92-1D09-41FB-AE11-3783DA7AFE0B}"
EndProject
Project("{FAE04EC0-301F-11D3-BF4B-00C04F79EFBC}") = "ExampleAppNET472", "ExampleAppNet472\ExampleAppNET472.csproj", "{D27C1578-BFF9-4469-9099-DAF64450BBBE}"
EndProject
Project("{FAE04EC0-301F-11D3-BF4B-00C04F79EFBC}") = "ExampleAppNET5", "ExampleAppNET5\ExampleAppNET5.csproj", "{B19C090A-4EC1-441D-B702-ADD2ECA79198}"
EndProject
Global
	GlobalSection(SolutionConfigurationPlatforms) = preSolution
		Debug|Any CPU = Debug|Any CPU
		Release|Any CPU = Release|Any CPU
	EndGlobalSection
	GlobalSection(ProjectConfigurationPlatforms) = postSolution
		{1E21186E-49A5-433A-ABAD-18CED1AA2494}.Debug|Any CPU.ActiveCfg = Debug|Any CPU
		{1E21186E-49A5-433A-ABAD-18CED1AA2494}.Debug|Any CPU.Build.0 = Debug|Any CPU
		{1E21186E-49A5-433A-ABAD-18CED1AA2494}.Release|Any CPU.ActiveCfg = Release|Any CPU
		{1E21186E-49A5-433A-ABAD-18CED1AA2494}.Release|Any CPU.Build.0 = Release|Any CPU
		{86FE2C2C-868C-43B5-A134-0DC96F9F510A}.Debug|Any CPU.ActiveCfg = Debug|Any CPU
		{86FE2C2C-868C-43B5-A134-0DC96F9F510A}.Debug|Any CPU.Build.0 = Debug|Any CPU
		{86FE2C2C-868C-43B5-A134-0DC96F9F510A}.Release|Any CPU.ActiveCfg = Release|Any CPU
		{86FE2C2C-868C-43B5-A134-0DC96F9F510A}.Release|Any CPU.Build.0 = Release|Any CPU
		{38338B92-1D09-41FB-AE11-3783DA7AFE0B}.Debug|Any CPU.ActiveCfg = Debug|Any CPU
		{38338B92-1D09-41FB-AE11-3783DA7AFE0B}.Debug|Any CPU.Build.0 = Debug|Any CPU
		{38338B92-1D09-41FB-AE11-3783DA7AFE0B}.Release|Any CPU.ActiveCfg = Release|Any CPU
		{38338B92-1D09-41FB-AE11-3783DA7AFE0B}.Release|Any CPU.Build.0 = Release|Any CPU
		{D27C1578-BFF9-4469-9099-DAF64450BBBE}.Debug|Any CPU.ActiveCfg = Debug|Any CPU
		{D27C1578-BFF9-4469-9099-DAF64450BBBE}.Debug|Any CPU.Build.0 = Debug|Any CPU
		{D27C1578-BFF9-4469-9099-DAF64450BBBE}.Release|Any CPU.ActiveCfg = Release|Any CPU
		{D27C1578-BFF9-4469-9099-DAF64450BBBE}.Release|Any CPU.Build.0 = Release|Any CPU
		{B19C090A-4EC1-441D-B702-ADD2ECA79198}.Debug|Any CPU.ActiveCfg = Debug|Any CPU
		{B19C090A-4EC1-441D-B702-ADD2ECA79198}.Debug|Any CPU.Build.0 = Debug|Any CPU
		{B19C090A-4EC1-441D-B702-ADD2ECA79198}.Release|Any CPU.ActiveCfg = Release|Any CPU
		{B19C090A-4EC1-441D-B702-ADD2ECA79198}.Release|Any CPU.Build.0 = Release|Any CPU
	EndGlobalSection
	GlobalSection(SolutionProperties) = preSolution
		HideSolutionNode = FALSE
	EndGlobalSection
	GlobalSection(ExtensibilityGlobals) = postSolution
		SolutionGuid = {1DF3B60B-0D1A-483C-AE67-0D7C5C1621A1}
	EndGlobalSection
EndGlobal
